
Microsoft Visual Studio Solution File, Format Version 12.00
# Visual Studio Version 17
VisualStudioVersion = 17.14.36603.0 d17.14
MinimumVisualStudioVersion = 10.0.40219.1
Project("{FAE04EC0-301F-11D3-BF4B-00C04F79EFBC}") = "P4_2_714240060", "P4_2_714240060\P4_2_714240060.csproj", "{DFF3F518-743D-4A6D-8090-0BB6FD772B68}"
EndProject
Global
	GlobalSection(SolutionConfigurationPlatforms) = preSolution
		Debug|Any CPU = Debug|Any CPU
		Release|Any CPU = Release|Any CPU
	EndGlobalSection
	GlobalSection(ProjectConfigurationPlatforms) = postSolution
		{DFF3F518-743D-4A6D-8090-0BB6FD772B68}.Debug|Any CPU.ActiveCfg = Debug|Any CPU
		{DFF3F518-743D-4A6D-8090-0BB6FD772B68}.Debug|Any CPU.Build.0 = Debug|Any CPU
		{DFF3F518-743D-4A6D-8090-0BB6FD772B68}.Release|Any CPU.ActiveCfg = Release|Any CPU
		{DFF3F518-743D-4A6D-8090-0BB6FD772B68}.Release|Any CPU.Build.0 = Release|Any CPU
	EndGlobalSection
	GlobalSection(SolutionProperties) = preSolution
		HideSolutionNode = FALSE
	EndGlobalSection
	GlobalSection(ExtensibilityGlobals) = postSolution
		SolutionGuid = {4A4577E6-A0F4-4180-A861-C10B8C279DDF}
	EndGlobalSection
EndGlobal
