
Microsoft Visual Studio Solution File, Format Version 12.00
# Visual Studio Version 17
VisualStudioVersion = 17.14.36603.0 d17.14
MinimumVisualStudioVersion = 10.0.40219.1
Project("{FAE04EC0-301F-11D3-BF4B-00C04F79EFBC}") = "P7_1_714240060", "P7_1_714240060\P7_1_714240060.csproj", "{245D3295-EC34-408D-8ECE-C7E0B9502ACD}"
EndProject
Global
	GlobalSection(SolutionConfigurationPlatforms) = preSolution
		Debug|Any CPU = Debug|Any CPU
		Release|Any CPU = Release|Any CPU
	EndGlobalSection
	GlobalSection(ProjectConfigurationPlatforms) = postSolution
		{245D3295-EC34-408D-8ECE-C7E0B9502ACD}.Debug|Any CPU.ActiveCfg = Debug|Any CPU
		{245D3295-EC34-408D-8ECE-C7E0B9502ACD}.Debug|Any CPU.Build.0 = Debug|Any CPU
		{245D3295-EC34-408D-8ECE-C7E0B9502ACD}.Release|Any CPU.ActiveCfg = Release|Any CPU
		{245D3295-EC34-408D-8ECE-C7E0B9502ACD}.Release|Any CPU.Build.0 = Release|Any CPU
	EndGlobalSection
	GlobalSection(SolutionProperties) = preSolution
		HideSolutionNode = FALSE
	EndGlobalSection
	GlobalSection(ExtensibilityGlobals) = postSolution
		SolutionGuid = {AC833B42-892E-465F-B6AC-08E0E51F07AF}
	EndGlobalSection
EndGlobal
