
Microsoft Visual Studio Solution File, Format Version 12.00
# Visual Studio Version 17
VisualStudioVersion = 17.14.36603.0 d17.14
MinimumVisualStudioVersion = 10.0.40219.1
Project("{FAE04EC0-301F-11D3-BF4B-00C04F79EFBC}") = "P5_1_714240060", "P5_1_714240060\P5_1_714240060.csproj", "{CDAB18E4-D2F7-4BD9-80A8-49D362E7FECB}"
EndProject
Global
	GlobalSection(SolutionConfigurationPlatforms) = preSolution
		Debug|Any CPU = Debug|Any CPU
		Release|Any CPU = Release|Any CPU
	EndGlobalSection
	GlobalSection(ProjectConfigurationPlatforms) = postSolution
		{CDAB18E4-D2F7-4BD9-80A8-49D362E7FECB}.Debug|Any CPU.ActiveCfg = Debug|Any CPU
		{CDAB18E4-D2F7-4BD9-80A8-49D362E7FECB}.Debug|Any CPU.Build.0 = Debug|Any CPU
		{CDAB18E4-D2F7-4BD9-80A8-49D362E7FECB}.Release|Any CPU.ActiveCfg = Release|Any CPU
		{CDAB18E4-D2F7-4BD9-80A8-49D362E7FECB}.Release|Any CPU.Build.0 = Release|Any CPU
	EndGlobalSection
	GlobalSection(SolutionProperties) = preSolution
		HideSolutionNode = FALSE
	EndGlobalSection
	GlobalSection(ExtensibilityGlobals) = postSolution
		SolutionGuid = {15B014CD-AEAF-423E-92D7-FB2CC7EE68E6}
	EndGlobalSection
EndGlobal
