
Microsoft Visual Studio Solution File, Format Version 12.00
# Visual Studio Version 17
VisualStudioVersion = 17.14.36603.0 d17.14
MinimumVisualStudioVersion = 10.0.40219.1
Project("{FAE04EC0-301F-11D3-BF4B-00C04F79EFBC}") = "P6_1_714240060", "P6_1_714240060\P6_1_714240060.csproj", "{832216C9-F247-4699-AB39-33CE777F907F}"
EndProject
Global
	GlobalSection(SolutionConfigurationPlatforms) = preSolution
		Debug|Any CPU = Debug|Any CPU
		Release|Any CPU = Release|Any CPU
	EndGlobalSection
	GlobalSection(ProjectConfigurationPlatforms) = postSolution
		{832216C9-F247-4699-AB39-33CE777F907F}.Debug|Any CPU.ActiveCfg = Debug|Any CPU
		{832216C9-F247-4699-AB39-33CE777F907F}.Debug|Any CPU.Build.0 = Debug|Any CPU
		{832216C9-F247-4699-AB39-33CE777F907F}.Release|Any CPU.ActiveCfg = Release|Any CPU
		{832216C9-F247-4699-AB39-33CE777F907F}.Release|Any CPU.Build.0 = Release|Any CPU
	EndGlobalSection
	GlobalSection(SolutionProperties) = preSolution
		HideSolutionNode = FALSE
	EndGlobalSection
	GlobalSection(ExtensibilityGlobals) = postSolution
		SolutionGuid = {2A955A37-DC37-4493-96E8-7B41515352A7}
	EndGlobalSection
EndGlobal
