
Microsoft Visual Studio Solution File, Format Version 12.00
# Visual Studio Version 17
VisualStudioVersion = 17.14.36603.0 d17.14
MinimumVisualStudioVersion = 10.0.40219.1
Project("{FAE04EC0-301F-11D3-BF4B-00C04F79EFBC}") = "P6_2_714240060", "P6_2_714240060\P6_2_714240060.csproj", "{CE41BB51-41CC-43AE-AEA3-BB4FE6535499}"
EndProject
Global
	GlobalSection(SolutionConfigurationPlatforms) = preSolution
		Debug|Any CPU = Debug|Any CPU
		Release|Any CPU = Release|Any CPU
	EndGlobalSection
	GlobalSection(ProjectConfigurationPlatforms) = postSolution
		{CE41BB51-41CC-43AE-AEA3-BB4FE6535499}.Debug|Any CPU.ActiveCfg = Debug|Any CPU
		{CE41BB51-41CC-43AE-AEA3-BB4FE6535499}.Debug|Any CPU.Build.0 = Debug|Any CPU
		{CE41BB51-41CC-43AE-AEA3-BB4FE6535499}.Release|Any CPU.ActiveCfg = Release|Any CPU
		{CE41BB51-41CC-43AE-AEA3-BB4FE6535499}.Release|Any CPU.Build.0 = Release|Any CPU
	EndGlobalSection
	GlobalSection(SolutionProperties) = preSolution
		HideSolutionNode = FALSE
	EndGlobalSection
	GlobalSection(ExtensibilityGlobals) = postSolution
		SolutionGuid = {B25942C2-C670-426F-B7D3-7ACF97334115}
	EndGlobalSection
EndGlobal
